<?xml version="1.0" encoding="utf-8"?>
<Project ToolsVersion="4.0" xmlns="http://schemas.microsoft.com/developer/msbuild/2003">
  <ItemGroup>
    <Filter Include="Resource Files">
      <UniqueIdentifier>{67DA6AB6-F800-4c08-8B7A-83BB121AAD01}</UniqueIdentifier>
      <Extensions>rc;ico;cur;bmp;dlg;rc2;rct;bin;rgs;gif;jpg;jpeg;jpe;resx;tiff;tif;png;wav;mfcribbon-ms</Extensions>
    </Filter>
    <Filter Include="Header Files">
      <UniqueIdentifier>{dbdf7aff-4ba7-44ea-a850-2ba5cef9ce28}</UniqueIdentifier>
    </Filter>
    <Filter Include="Source Files">
      <UniqueIdentifier>{80280903-f392-429c-9812-09bb4fdd4b21}</UniqueIdentifier>
    </Filter>
    <Filter Include="LibSass">
      <UniqueIdentifier>{b9d61faa-a8b4-44e5-9e74-58d686989973}</UniqueIdentifier>
    </Filter>
    <Filter Include="LibSass\Header Files">
      <UniqueIdentifier>{93995380-89BD-4b04-88EB-625FBE52EBFB}</UniqueIdentifier>
      <Extensions>h;hh;hpp;hxx;hm;inl;inc;xsd</Extensions>
    </Filter>
    <Filter Include="LibSass\Source Files">
      <UniqueIdentifier>{4FC737F1-C7A5-4376-A066-2A32D752A2FF}</UniqueIdentifier>
      <Extensions>cpp;c;cc;cxx;def;odl;idl;hpj;bat;asm;asmx</Extensions>
    </Filter>
  </ItemGroup>
  <ItemGroup Label="Headers">
    <ClInclude Include="posix\getopt.h">
      <Filter>Header Files</Filter>
    </ClInclude>
    <ClInclude Include="$(LIBSASS_INCLUDES_DIR)\sass.h">
      <Filter>LibSass\Header Files</Filter>
    </ClInclude>
    <ClInclude Include="$(LIBSASS_INCLUDES_DIR)\sass2scss.h">
      <Filter>LibSass\Header Files</Filter>
    </ClInclude>
    <ClInclude Include="$(LIBSASS_INCLUDES_DIR)\sass\base.h">
      <Filter>LibSass\Header Files</Filter>
    </ClInclude>
    <ClInclude Include="$(LIBSASS_INCLUDES_DIR)\sass\context.h">
      <Filter>LibSass\Header Files</Filter>
    </ClInclude>
    <ClInclude Include="$(LIBSASS_INCLUDES_DIR)\sass\functions.h">
      <Filter>LibSass\Header Files</Filter>
    </ClInclude>
    <ClInclude Include="$(LIBSASS_INCLUDES_DIR)\sass\values.h">
      <Filter>LibSass\Header Files</Filter>
    </ClInclude>
    <ClInclude Include="$(LIBSASS_INCLUDES_DIR)\sass\version.h">
      <Filter>LibSass\Header Files</Filter>
    </ClInclude>
    <ClInclude Include="$(LIBSASS_HEADERS_DIR)\b64\cencode.h">
      <Filter>LibSass\Header Files</Filter>
    </ClInclude>
    <ClInclude Include="$(LIBSASS_HEADERS_DIR)\sass.hpp">
      <Filter>LibSass\Header Files</Filter>
    </ClInclude>
    <ClInclude Include="$(LIBSASS_HEADERS_DIR)\sass_context.hpp">
      <Filter>LibSass\Header Files</Filter>
    </ClInclude>
    <ClInclude Include="$(LIBSASS_HEADERS_DIR)\sass_functions.hpp">
      <Filter>LibSass\Header Files</Filter>
    </ClInclude>
    <ClInclude Include="$(LIBSASS_HEADERS_DIR)\sass_values.hpp">
      <Filter>LibSass\Header Files</Filter>
    </ClInclude>
    <ClInclude Include="$(LIBSASS_HEADERS_DIR)\check_nesting.hpp">
      <Filter>LibSass\Header Files</Filter>
    </ClInclude>
    <ClInclude Include="$(LIBSASS_INCLUDES_DIR)\sass\version.h.in">
      <Filter>LibSass\Header Files</Filter>
    </ClInclude>
    <ClInclude Include="$(LIBSASS_HEADERS_DIR)\memory\SharedPtr.hpp">
      <Filter>LibSass\Header Files</Filter>
    </ClInclude>
  </ItemGroup>
  <ItemGroup Label="Sources">
    <ClCompile Include="..\sassc.c">
      <Filter>Source Files</Filter>
    </ClCompile>
    <ClCompile Include="posix\getopt.c">
      <Filter>Source Files</Filter>
    </ClCompile>
    <ClCompile Condition="$(VisualStudioVersion) &lt; 14.0" Include="$(LIBSASS_SRC_DIR)\c99func.c">
      <Filter>LibSass\Source Files</Filter>
    </ClCompile>
    <ClCompile Include="$(LIBSASS_SRC_DIR)\check_nesting.cpp">
      <Filter>LibSass\Source Files</Filter>
    </ClCompile>
    <ClCompile Include="$(LIBSASS_SRC_DIR)\memory\SharedPtr.cpp">
      <Filter>LibSass\Source Files</Filter>
    </ClCompile>
    <ClCompile Include="$(LIBSASS_SRC_DIR)\subset_map.cpp">
      <Filter>LibSass\Source Files</Filter>
    </ClCompile>
  </ItemGroup>
  <ItemGroup Label="LibSass Headers">
    <ClInclude Include="$(LIBSASS_HEADERS_DIR)\ast.hpp">
      <Filter>LibSass\Header Files</Filter>
    </ClInclude>
    <ClInclude Include="$(LIBSASS_HEADERS_DIR)\ast_def_macros.hpp">
      <Filter>LibSass\Header Files</Filter>
    </ClInclude>
    <ClInclude Include="$(LIBSASS_HEADERS_DIR)\ast_factory.hpp">
      <Filter>LibSass\Header Files</Filter>
    </ClInclude>
    <ClInclude Include="$(LIBSASS_HEADERS_DIR)\ast_fwd_decl.hpp">
      <Filter>LibSass\Header Files</Filter>
    </ClInclude>
    <ClInclude Include="$(LIBSASS_HEADERS_DIR)\backtrace.hpp">
      <Filter>LibSass\Header Files</Filter>
    </ClInclude>
    <ClInclude Include="$(LIBSASS_HEADERS_DIR)\base64vlq.hpp">
      <Filter>LibSass\Header Files</Filter>
    </ClInclude>
    <ClInclude Include="$(LIBSASS_HEADERS_DIR)\bind.hpp">
      <Filter>LibSass\Header Files</Filter>
    </ClInclude>
    <ClInclude Include="$(LIBSASS_HEADERS_DIR)\color_maps.hpp">
      <Filter>LibSass\Header Files</Filter>
    </ClInclude>
    <ClInclude Include="$(LIBSASS_HEADERS_DIR)\constants.hpp">
      <Filter>LibSass\Header Files</Filter>
    </ClInclude>
    <ClInclude Include="$(LIBSASS_HEADERS_DIR)\context.hpp">
      <Filter>LibSass\Header Files</Filter>
    </ClInclude>
    <ClInclude Include="$(LIBSASS_HEADERS_DIR)\cssize.hpp">
      <Filter>LibSass\Header Files</Filter>
    </ClInclude>
    <ClInclude Include="$(LIBSASS_HEADERS_DIR)\debug.hpp">
      <Filter>LibSass\Header Files</Filter>
    </ClInclude>
    <ClInclude Include="$(LIBSASS_HEADERS_DIR)\emitter.hpp">
      <Filter>LibSass\Header Files</Filter>
    </ClInclude>
    <ClInclude Include="$(LIBSASS_HEADERS_DIR)\environment.hpp">
      <Filter>LibSass\Header Files</Filter>
    </ClInclude>
    <ClInclude Include="$(LIBSASS_HEADERS_DIR)\error_handling.hpp">
      <Filter>LibSass\Header Files</Filter>
    </ClInclude>
    <ClInclude Include="$(LIBSASS_HEADERS_DIR)\eval.hpp">
      <Filter>LibSass\Header Files</Filter>
    </ClInclude>
    <ClInclude Include="$(LIBSASS_HEADERS_DIR)\expand.hpp">
      <Filter>LibSass\Header Files</Filter>
    </ClInclude>
    <ClInclude Include="$(LIBSASS_HEADERS_DIR)\extend.hpp">
      <Filter>LibSass\Header Files</Filter>
    </ClInclude>
    <ClInclude Include="$(LIBSASS_HEADERS_DIR)\file.hpp">
      <Filter>LibSass\Header Files</Filter>
    </ClInclude>
    <ClInclude Include="$(LIBSASS_HEADERS_DIR)\inspect.hpp">
      <Filter>LibSass\Header Files</Filter>
    </ClInclude>
    <ClInclude Include="$(LIBSASS_HEADERS_DIR)\json.hpp">
      <Filter>LibSass\Header Files</Filter>
    </ClInclude>
    <ClInclude Include="$(LIBSASS_HEADERS_DIR)\kwd_arg_macros.hpp">
      <Filter>LibSass\Header Files</Filter>
    </ClInclude>
    <ClInclude Include="$(LIBSASS_HEADERS_DIR)\lexer.hpp">
      <Filter>LibSass\Header Files</Filter>
    </ClInclude>
    <ClInclude Include="$(LIBSASS_HEADERS_DIR)\listize.hpp">
      <Filter>LibSass\Header Files</Filter>
    </ClInclude>
    <ClInclude Include="$(LIBSASS_HEADERS_DIR)\mapping.hpp">
      <Filter>LibSass\Header Files</Filter>
    </ClInclude>
    <ClInclude Include="$(LIBSASS_HEADERS_DIR)\node.hpp">
      <Filter>LibSass\Header Files</Filter>
    </ClInclude>
    <ClInclude Include="$(LIBSASS_HEADERS_DIR)\operation.hpp">
      <Filter>LibSass\Header Files</Filter>
    </ClInclude>
    <ClInclude Include="$(LIBSASS_HEADERS_DIR)\output.hpp">
      <Filter>LibSass\Header Files</Filter>
    </ClInclude>
    <ClInclude Include="$(LIBSASS_HEADERS_DIR)\parser.hpp">
      <Filter>LibSass\Header Files</Filter>
    </ClInclude>
    <ClInclude Include="$(LIBSASS_HEADERS_DIR)\paths.hpp">
      <Filter>LibSass\Header Files</Filter>
    </ClInclude>
    <ClInclude Include="$(LIBSASS_HEADERS_DIR)\plugins.hpp">
      <Filter>LibSass\Header Files</Filter>
    </ClInclude>
    <ClInclude Include="$(LIBSASS_HEADERS_DIR)\position.hpp">
      <Filter>LibSass\Header Files</Filter>
    </ClInclude>
    <ClInclude Include="$(LIBSASS_HEADERS_DIR)\prelexer.hpp">
      <Filter>LibSass\Header Files</Filter>
    </ClInclude>
    <ClInclude Include="$(LIBSASS_HEADERS_DIR)\remove_placeholders.hpp">
      <Filter>LibSass\Header Files</Filter>
    </ClInclude>
    <ClInclude Include="$(LIBSASS_HEADERS_DIR)\sass_util.hpp">
      <Filter>LibSass\Header Files</Filter>
    </ClInclude>
    <ClInclude Include="$(LIBSASS_HEADERS_DIR)\source_map.hpp">
      <Filter>LibSass\Header Files</Filter>
    </ClInclude>
    <ClInclude Include="$(LIBSASS_HEADERS_DIR)\subset_map.hpp">
      <Filter>LibSass\Header Files</Filter>
    </ClInclude>
    <ClInclude Include="$(LIBSASS_HEADERS_DIR)\to_c.hpp">
      <Filter>LibSass\Header Files</Filter>
    </ClInclude>
    <ClInclude Include="$(LIBSASS_HEADERS_DIR)\to_value.hpp">
      <Filter>LibSass\Header Files</Filter>
    </ClInclude>
    <ClInclude Include="$(LIBSASS_HEADERS_DIR)\units.hpp">
      <Filter>LibSass\Header Files</Filter>
    </ClInclude>
    <ClInclude Include="$(LIBSASS_HEADERS_DIR)\utf8.h">
      <Filter>LibSass\Header Files</Filter>
    </ClInclude>
    <ClInclude Include="$(LIBSASS_HEADERS_DIR)\utf8\checked.h">
      <Filter>LibSass\Header Files</Filter>
    </ClInclude>
    <ClInclude Include="$(LIBSASS_HEADERS_DIR)\utf8\core.h">
      <Filter>LibSass\Header Files</Filter>
    </ClInclude>
    <ClInclude Include="$(LIBSASS_HEADERS_DIR)\utf8\unchecked.h">
      <Filter>LibSass\Header Files</Filter>
    </ClInclude>
    <ClInclude Include="$(LIBSASS_HEADERS_DIR)\utf8_string.hpp">
      <Filter>LibSass\Header Files</Filter>
    </ClInclude>
    <ClInclude Include="$(LIBSASS_HEADERS_DIR)\util.hpp">
      <Filter>LibSass\Header Files</Filter>
    </ClInclude>
    <ClInclude Include="$(LIBSASS_HEADERS_DIR)\values.hpp">
      <Filter>LibSass\Header Files</Filter>
    </ClInclude>
  </ItemGroup>
  <ItemGroup Label="LibSass Sources">
    <ClCompile Include="$(LIBSASS_SRC_DIR)\ast.cpp">
      <Filter>LibSass\Source Files</Filter>
    </ClCompile>
    <ClCompile Include="$(LIBSASS_SRC_DIR)\ast_fwd_decl.cpp">
      <Filter>LibSass\Source Files</Filter>
    </ClCompile>
    <ClCompile Include="$(LIBSASS_SRC_DIR)\base64vlq.cpp">
      <Filter>LibSass\Source Files</Filter>
    </ClCompile>
    <ClCompile Include="$(LIBSASS_SRC_DIR)\bind.cpp">
      <Filter>LibSass\Source Files</Filter>
    </ClCompile>
    <ClCompile Include="$(LIBSASS_SRC_DIR)\cencode.c">
      <Filter>LibSass\Source Files</Filter>
    </ClCompile>
    <ClCompile Include="$(LIBSASS_SRC_DIR)\color_maps.cpp">
      <Filter>LibSass\Source Files</Filter>
    </ClCompile>
    <ClCompile Include="$(LIBSASS_SRC_DIR)\constants.cpp">
      <Filter>LibSass\Source Files</Filter>
    </ClCompile>
    <ClCompile Include="$(LIBSASS_SRC_DIR)\context.cpp">
      <Filter>LibSass\Source Files</Filter>
    </ClCompile>
    <ClCompile Include="$(LIBSASS_SRC_DIR)\cssize.cpp">
      <Filter>LibSass\Source Files</Filter>
    </ClCompile>
    <ClCompile Include="$(LIBSASS_SRC_DIR)\emitter.cpp">
      <Filter>LibSass\Source Files</Filter>
    </ClCompile>
    <ClCompile Include="$(LIBSASS_SRC_DIR)\environment.cpp">
      <Filter>LibSass\Source Files</Filter>
    </ClCompile>
    <ClCompile Include="$(LIBSASS_SRC_DIR)\error_handling.cpp">
      <Filter>LibSass\Source Files</Filter>
    </ClCompile>
    <ClCompile Include="$(LIBSASS_SRC_DIR)\eval.cpp">
      <Filter>LibSass\Source Files</Filter>
    </ClCompile>
    <ClCompile Include="$(LIBSASS_SRC_DIR)\expand.cpp">
      <Filter>LibSass\Source Files</Filter>
    </ClCompile>
    <ClCompile Include="$(LIBSASS_SRC_DIR)\extend.cpp">
      <Filter>LibSass\Source Files</Filter>
    </ClCompile>
    <ClCompile Include="$(LIBSASS_SRC_DIR)\file.cpp">
      <Filter>LibSass\Source Files</Filter>
    </ClCompile>
    <ClCompile Include="$(LIBSASS_SRC_DIR)\inspect.cpp">
      <Filter>LibSass\Source Files</Filter>
    </ClCompile>
    <ClCompile Include="$(LIBSASS_SRC_DIR)\json.cpp">
      <Filter>LibSass\Source Files</Filter>
    </ClCompile>
    <ClCompile Include="$(LIBSASS_SRC_DIR)\lexer.cpp">
      <Filter>LibSass\Source Files</Filter>
    </ClCompile>
    <ClCompile Include="$(LIBSASS_SRC_DIR)\listize.cpp">
      <Filter>LibSass\Source Files</Filter>
    </ClCompile>
    <ClCompile Include="$(LIBSASS_SRC_DIR)\node.cpp">
      <Filter>LibSass\Source Files</Filter>
    </ClCompile>
    <ClCompile Include="$(LIBSASS_SRC_DIR)\output.cpp">
      <Filter>LibSass\Source Files</Filter>
    </ClCompile>
    <ClCompile Include="$(LIBSASS_SRC_DIR)\parser.cpp">
      <Filter>LibSass\Source Files</Filter>
    </ClCompile>
    <ClCompile Include="$(LIBSASS_SRC_DIR)\plugins.cpp">
      <Filter>LibSass\Source Files</Filter>
    </ClCompile>
    <ClCompile Include="$(LIBSASS_SRC_DIR)\position.cpp">
      <Filter>LibSass\Source Files</Filter>
    </ClCompile>
    <ClCompile Include="$(LIBSASS_SRC_DIR)\prelexer.cpp">
      <Filter>LibSass\Source Files</Filter>
    </ClCompile>
    <ClCompile Include="$(LIBSASS_SRC_DIR)\remove_placeholders.cpp">
      <Filter>LibSass\Source Files</Filter>
    </ClCompile>
    <ClCompile Include="$(LIBSASS_SRC_DIR)\sass.cpp">
      <Filter>LibSass\Source Files</Filter>
    </ClCompile>
    <ClCompile Include="$(LIBSASS_SRC_DIR)\sass_context.cpp">
      <Filter>LibSass\Source Files</Filter>
    </ClCompile>
    <ClCompile Include="$(LIBSASS_SRC_DIR)\sass_functions.cpp">
      <Filter>LibSass\Source Files</Filter>
    </ClCompile>
    <ClCompile Include="$(LIBSASS_SRC_DIR)\sass_util.cpp">
      <Filter>LibSass\Source Files</Filter>
    </ClCompile>
    <ClCompile Include="$(LIBSASS_SRC_DIR)\sass_values.cpp">
      <Filter>LibSass\Source Files</Filter>
    </ClCompile>
    <ClCompile Include="$(LIBSASS_SRC_DIR)\sass2scss.cpp">
      <Filter>LibSass\Source Files</Filter>
    </ClCompile>
    <ClCompile Include="$(LIBSASS_SRC_DIR)\source_map.cpp">
      <Filter>LibSass\Source Files</Filter>
    </ClCompile>
    <ClCompile Include="$(LIBSASS_SRC_DIR)\to_c.cpp">
      <Filter>LibSass\Source Files</Filter>
    </ClCompile>
    <ClCompile Include="$(LIBSASS_SRC_DIR)\to_value.cpp">
      <Filter>LibSass\Source Files</Filter>
    </ClCompile>
    <ClCompile Include="$(LIBSASS_SRC_DIR)\units.cpp">
      <Filter>LibSass\Source Files</Filter>
    </ClCompile>
    <ClCompile Include="$(LIBSASS_SRC_DIR)\utf8_string.cpp">
      <Filter>LibSass\Source Files</Filter>
    </ClCompile>
    <ClCompile Include="$(LIBSASS_SRC_DIR)\util.cpp">
      <Filter>LibSass\Source Files</Filter>
    </ClCompile>
    <ClCompile Include="$(LIBSASS_SRC_DIR)\values.cpp">
      <Filter>LibSass\Source Files</Filter>
    </ClCompile>
  </ItemGroup>
</Project>
